
Microsoft Visual Studio Solution File, Format Version 12.00
# Visual Studio 15
VisualStudioVersion = 15.0.28307.168
MinimumVisualStudioVersion = 10.0.40219.1
Project("{FAE04EC0-301F-11D3-BF4B-00C04F79EFBC}") = "discord-blur-bot", "discord-blur-bot\discord-blur-bot.csproj", "{AD29631F-F986-4B25-AEAF-CC000D6C2A9E}"
EndProject
Global
	GlobalSection(SolutionConfigurationPlatforms) = preSolution
		Debug|Any CPU = Debug|Any CPU
		Release|Any CPU = Release|Any CPU
	EndGlobalSection
	GlobalSection(ProjectConfigurationPlatforms) = postSolution
		{AD29631F-F986-4B25-AEAF-CC000D6C2A9E}.Debug|Any CPU.ActiveCfg = Debug|Any CPU
		{AD29631F-F986-4B25-AEAF-CC000D6C2A9E}.Debug|Any CPU.Build.0 = Debug|Any CPU
		{AD29631F-F986-4B25-AEAF-CC000D6C2A9E}.Release|Any CPU.ActiveCfg = Release|Any CPU
		{AD29631F-F986-4B25-AEAF-CC000D6C2A9E}.Release|Any CPU.Build.0 = Release|Any CPU
	EndGlobalSection
	GlobalSection(SolutionProperties) = preSolution
		HideSolutionNode = FALSE
	EndGlobalSection
	GlobalSection(ExtensibilityGlobals) = postSolution
		SolutionGuid = {9E493616-E915-4ADA-A0FA-A79FB88C9173}
	EndGlobalSection
EndGlobal
